
Microsoft Visual Studio Solution File, Format Version 12.00
# Visual Studio Version 17
VisualStudioVersion = 17.5.002.0
MinimumVisualStudioVersion = 10.0.40219.1
Project("{9A19103F-16F7-4668-BE54-9A1E7A4F7556}") = "WpfApp", "oxyplot\WpfApp.csproj", "{CF16E484-FBDC-42C2-92E8-FAFDE7C33576}"
EndProject
Global
	GlobalSection(SolutionConfigurationPlatforms) = preSolution
		Debug|Any CPU = Debug|Any CPU
		Release|Any CPU = Release|Any CPU
	EndGlobalSection
	GlobalSection(ProjectConfigurationPlatforms) = postSolution
		{CF16E484-FBDC-42C2-92E8-FAFDE7C33576}.Debug|Any CPU.ActiveCfg = Debug|Any CPU
		{CF16E484-FBDC-42C2-92E8-FAFDE7C33576}.Debug|Any CPU.Build.0 = Debug|Any CPU
		{CF16E484-FBDC-42C2-92E8-FAFDE7C33576}.Release|Any CPU.ActiveCfg = Release|Any CPU
		{CF16E484-FBDC-42C2-92E8-FAFDE7C33576}.Release|Any CPU.Build.0 = Release|Any CPU
	EndGlobalSection
	GlobalSection(SolutionProperties) = preSolution
		HideSolutionNode = FALSE
	EndGlobalSection
	GlobalSection(ExtensibilityGlobals) = postSolution
		SolutionGuid = {AF1B9455-52E7-481F-9975-61CD93823AF1}
	EndGlobalSection
EndGlobal
